
Microsoft Visual Studio Solution File, Format Version 12.00
# Visual Studio Version 16
VisualStudioVersion = 16.0.29613.14
MinimumVisualStudioVersion = 10.0.40219.1
Project("{9A19103F-16F7-4668-BE54-9A1E7A4F7556}") = "CashCalculator", "CashCalculator\CashCalculator.csproj", "{D27E50B4-0CB6-4446-ADA8-48C167B98C09}"
EndProject
Project("{9A19103F-16F7-4668-BE54-9A1E7A4F7556}") = "CashCalculator.Library", "CashCalculator.Library\CashCalculator.Library.csproj", "{28B64C7C-93F2-431E-978C-D19747B20E9D}"
EndProject
Project("{9A19103F-16F7-4668-BE54-9A1E7A4F7556}") = "CashCalculator.Tests", "CashCalculator.Tests\CashCalculator.Tests.csproj", "{728205DE-59C3-4FE2-AEEA-23D41C93A5B6}"
EndProject
Global
	GlobalSection(SolutionConfigurationPlatforms) = preSolution
		Debug|Any CPU = Debug|Any CPU
		Release|Any CPU = Release|Any CPU
	EndGlobalSection
	GlobalSection(ProjectConfigurationPlatforms) = postSolution
		{D27E50B4-0CB6-4446-ADA8-48C167B98C09}.Debug|Any CPU.ActiveCfg = Debug|Any CPU
		{D27E50B4-0CB6-4446-ADA8-48C167B98C09}.Debug|Any CPU.Build.0 = Debug|Any CPU
		{D27E50B4-0CB6-4446-ADA8-48C167B98C09}.Release|Any CPU.ActiveCfg = Release|Any CPU
		{D27E50B4-0CB6-4446-ADA8-48C167B98C09}.Release|Any CPU.Build.0 = Release|Any CPU
		{28B64C7C-93F2-431E-978C-D19747B20E9D}.Debug|Any CPU.ActiveCfg = Debug|Any CPU
		{28B64C7C-93F2-431E-978C-D19747B20E9D}.Debug|Any CPU.Build.0 = Debug|Any CPU
		{28B64C7C-93F2-431E-978C-D19747B20E9D}.Release|Any CPU.ActiveCfg = Release|Any CPU
		{28B64C7C-93F2-431E-978C-D19747B20E9D}.Release|Any CPU.Build.0 = Release|Any CPU
		{728205DE-59C3-4FE2-AEEA-23D41C93A5B6}.Debug|Any CPU.ActiveCfg = Debug|Any CPU
		{728205DE-59C3-4FE2-AEEA-23D41C93A5B6}.Debug|Any CPU.Build.0 = Debug|Any CPU
		{728205DE-59C3-4FE2-AEEA-23D41C93A5B6}.Release|Any CPU.ActiveCfg = Release|Any CPU
		{728205DE-59C3-4FE2-AEEA-23D41C93A5B6}.Release|Any CPU.Build.0 = Release|Any CPU
	EndGlobalSection
	GlobalSection(SolutionProperties) = preSolution
		HideSolutionNode = FALSE
	EndGlobalSection
	GlobalSection(ExtensibilityGlobals) = postSolution
		SolutionGuid = {DD99C15C-0A8A-480F-943B-C0E04A5FA8B7}
	EndGlobalSection
EndGlobal
